
Microsoft Visual Studio Solution File, Format Version 12.00
# Visual Studio Version 17
VisualStudioVersion = 17.1.32421.90
MinimumVisualStudioVersion = 10.0.40219.1
Project("{FAE04EC0-301F-11D3-BF4B-00C04F79EFBC}") = "GrokkingAlgorithms.Console", "GrokkingAlgorithms.Console\GrokkingAlgorithms.Console.csproj", "{D0D2B47E-D158-4565-ACF0-8C70D6981BEB}"
EndProject
Global
	GlobalSection(SolutionConfigurationPlatforms) = preSolution
		Debug|Any CPU = Debug|Any CPU
		Release|Any CPU = Release|Any CPU
	EndGlobalSection
	GlobalSection(ProjectConfigurationPlatforms) = postSolution
		{D0D2B47E-D158-4565-ACF0-8C70D6981BEB}.Debug|Any CPU.ActiveCfg = Debug|Any CPU
		{D0D2B47E-D158-4565-ACF0-8C70D6981BEB}.Debug|Any CPU.Build.0 = Debug|Any CPU
		{D0D2B47E-D158-4565-ACF0-8C70D6981BEB}.Release|Any CPU.ActiveCfg = Release|Any CPU
		{D0D2B47E-D158-4565-ACF0-8C70D6981BEB}.Release|Any CPU.Build.0 = Release|Any CPU
	EndGlobalSection
	GlobalSection(SolutionProperties) = preSolution
		HideSolutionNode = FALSE
	EndGlobalSection
	GlobalSection(ExtensibilityGlobals) = postSolution
		SolutionGuid = {F050E72B-090F-400E-BC97-953CE10737A2}
	EndGlobalSection
EndGlobal
